
Microsoft Visual Studio Solution File, Format Version 12.00
# Visual Studio Version 17
VisualStudioVersion = 17.14.36705.20 d17.14
MinimumVisualStudioVersion = 10.0.40219.1
Project("{FAE04EC0-301F-11D3-BF4B-00C04F79EFBC}") = "MNGUITest", "MNGUITest\MNGUITest.csproj", "{07917E99-8BEC-4CC1-8D26-4F0BDCA13CA6}"
EndProject
Project("{FAE04EC0-301F-11D3-BF4B-00C04F79EFBC}") = "MNGUITest.Tests", "MNGUITest.Tests\MNGUITest.Tests.csproj", "{5A62DF95-5A21-483E-A7CE-DEDEBBE5FF1B}"
EndProject
Project("{FAE04EC0-301F-11D3-BF4B-00C04F79EFBC}") = "CakeBuild", "ZZCakeBuild\CakeBuild.csproj", "{31FEBF2C-0562-4E69-A030-FBE3CCA50EB9}"
EndProject
Global
	GlobalSection(SolutionConfigurationPlatforms) = preSolution
		Debug|Any CPU = Debug|Any CPU
		Release|Any CPU = Release|Any CPU
	EndGlobalSection
	GlobalSection(ProjectConfigurationPlatforms) = postSolution
		{07917E99-8BEC-4CC1-8D26-4F0BDCA13CA6}.Debug|Any CPU.ActiveCfg = Debug|Any CPU
		{07917E99-8BEC-4CC1-8D26-4F0BDCA13CA6}.Debug|Any CPU.Build.0 = Debug|Any CPU
		{07917E99-8BEC-4CC1-8D26-4F0BDCA13CA6}.Release|Any CPU.ActiveCfg = Release|Any CPU
		{07917E99-8BEC-4CC1-8D26-4F0BDCA13CA6}.Release|Any CPU.Build.0 = Release|Any CPU
		{5A62DF95-5A21-483E-A7CE-DEDEBBE5FF1B}.Debug|Any CPU.ActiveCfg = Debug|Any CPU
		{5A62DF95-5A21-483E-A7CE-DEDEBBE5FF1B}.Debug|Any CPU.Build.0 = Debug|Any CPU
		{5A62DF95-5A21-483E-A7CE-DEDEBBE5FF1B}.Release|Any CPU.ActiveCfg = Release|Any CPU
		{5A62DF95-5A21-483E-A7CE-DEDEBBE5FF1B}.Release|Any CPU.Build.0 = Release|Any CPU
		{31FEBF2C-0562-4E69-A030-FBE3CCA50EB9}.Debug|Any CPU.ActiveCfg = Debug|Any CPU
		{31FEBF2C-0562-4E69-A030-FBE3CCA50EB9}.Debug|Any CPU.Build.0 = Debug|Any CPU
		{31FEBF2C-0562-4E69-A030-FBE3CCA50EB9}.Release|Any CPU.ActiveCfg = Release|Any CPU
		{31FEBF2C-0562-4E69-A030-FBE3CCA50EB9}.Release|Any CPU.Build.0 = Release|Any CPU
	EndGlobalSection
	GlobalSection(SolutionProperties) = preSolution
		HideSolutionNode = FALSE
	EndGlobalSection
	GlobalSection(ExtensibilityGlobals) = postSolution
		SolutionGuid = {CEB89994-746A-4EA2-A837-64E68F0DD300}
	EndGlobalSection
EndGlobal
